
Microsoft Visual Studio Solution File, Format Version 12.00
# Visual Studio 15
Project("{FAE04EC0-301F-11D3-BF4B-00C04F79EFBC}") = "Unity.Postprocessing.Runtime", "Unity.Postprocessing.Runtime.csproj", "{5E7AF643-EDD8-197A-46F9-5067824C69F5}"
EndProject
Project("{FAE04EC0-301F-11D3-BF4B-00C04F79EFBC}") = "Unity.RenderPipelines.Lightweight.Runtime", "Unity.RenderPipelines.Lightweight.Runtime.csproj", "{E97F561D-070A-C436-261C-583BBB9F6C34}"
EndProject
Project("{FAE04EC0-301F-11D3-BF4B-00C04F79EFBC}") = "Unity.RenderPipelines.Core.Runtime", "Unity.RenderPipelines.Core.Runtime.csproj", "{327C7AEB-A0B4-3E8F-F0D8-A750822D336C}"
EndProject
Project("{FAE04EC0-301F-11D3-BF4B-00C04F79EFBC}") = "Unity.Analytics.DataPrivacy", "Unity.Analytics.DataPrivacy.csproj", "{E6FBAC88-280A-095C-E386-1931531348B3}"
EndProject
Project("{FAE04EC0-301F-11D3-BF4B-00C04F79EFBC}") = "Assembly-CSharp", "Assembly-CSharp.csproj", "{D4CD027B-6512-5E3E-34CE-5A45BC219805}"
EndProject
Project("{FAE04EC0-301F-11D3-BF4B-00C04F79EFBC}") = "Unity.RenderPipelines.Core.Runtime.Tests", "Unity.RenderPipelines.Core.Runtime.Tests.csproj", "{38491FB2-3BBA-8270-C48E-DB345E819FB0}"
EndProject
Project("{FAE04EC0-301F-11D3-BF4B-00C04F79EFBC}") = "Unity.Analytics.DataPrivacy.Tests", "Unity.Analytics.DataPrivacy.Tests.csproj", "{5F27AB03-7FD8-F38B-14F2-D2F9EC3B7358}"
EndProject
Project("{FAE04EC0-301F-11D3-BF4B-00C04F79EFBC}") = "Unity.RenderPipelines.Lightweight.Runtime.Tests", "Unity.RenderPipelines.Lightweight.Runtime.Tests.csproj", "{83B01750-84B1-4644-1E99-88D79F6C006F}"
EndProject
Project("{FAE04EC0-301F-11D3-BF4B-00C04F79EFBC}") = "Unity.RenderPipelines.ShaderGraph.ShaderGraphLibrary", "Unity.RenderPipelines.ShaderGraph.ShaderGraphLibrary.csproj", "{4D8DF845-3265-0EA3-55C0-054B5B3F71F3}"
EndProject
Project("{FAE04EC0-301F-11D3-BF4B-00C04F79EFBC}") = "Unity.IAP.Purchasing.RunTimeTests", "Unity.IAP.Purchasing.RunTimeTests.csproj", "{CD486C68-B32C-B946-2D03-132F45ADD0EC}"
EndProject
Project("{FAE04EC0-301F-11D3-BF4B-00C04F79EFBC}") = "Unity.RenderPipelines.Core.ShaderLibrary", "Unity.RenderPipelines.Core.ShaderLibrary.csproj", "{8FBC460D-FACA-D36E-DDAA-999A1D719D92}"
EndProject
Project("{FAE04EC0-301F-11D3-BF4B-00C04F79EFBC}") = "Unity.ShaderGraph.Editor", "Unity.ShaderGraph.Editor.csproj", "{013F5553-1C20-61D2-68F7-C45B5C3903D4}"
EndProject
Project("{FAE04EC0-301F-11D3-BF4B-00C04F79EFBC}") = "Unity.RenderPipelines.Core.Editor", "Unity.RenderPipelines.Core.Editor.csproj", "{20171E72-3FE3-5DD5-BFE3-A3765DFDCA55}"
EndProject
Project("{FAE04EC0-301F-11D3-BF4B-00C04F79EFBC}") = "Unity.ShaderGraph.Editor.Tests", "Unity.ShaderGraph.Editor.Tests.csproj", "{DEF72814-16A8-27A2-7688-52D54B09FFC6}"
EndProject
Project("{FAE04EC0-301F-11D3-BF4B-00C04F79EFBC}") = "Unity.RenderPipelines.Lightweight.Editor", "Unity.RenderPipelines.Lightweight.Editor.csproj", "{8F3C26B3-5356-F486-77B6-0FC3D4E037B1}"
EndProject
Project("{FAE04EC0-301F-11D3-BF4B-00C04F79EFBC}") = "Unity.Postprocessing.Editor", "Unity.Postprocessing.Editor.csproj", "{7E8A74EE-6311-FADB-E51A-3F9F6C78BE0B}"
EndProject
Project("{FAE04EC0-301F-11D3-BF4B-00C04F79EFBC}") = "Unity.CollabProxy.Editor", "Unity.CollabProxy.Editor.csproj", "{F076CD6C-A406-DE60-ECEF-1FEB74956399}"
EndProject
Project("{FAE04EC0-301F-11D3-BF4B-00C04F79EFBC}") = "Unity.Analytics.StandardEvents.EditorTests", "Unity.Analytics.StandardEvents.EditorTests.csproj", "{8364386D-63D7-741D-E254-062017480956}"
EndProject
Project("{FAE04EC0-301F-11D3-BF4B-00C04F79EFBC}") = "Unity.IAP.Purchasing.EditorTests", "Unity.IAP.Purchasing.EditorTests.csproj", "{958E68FE-5533-5170-1218-BA34010B14D1}"
EndProject
Project("{FAE04EC0-301F-11D3-BF4B-00C04F79EFBC}") = "Assembly-CSharp-Editor", "Assembly-CSharp-Editor.csproj", "{BC994600-98F4-8C33-CF75-F3AAC312F463}"
EndProject
Project("{FAE04EC0-301F-11D3-BF4B-00C04F79EFBC}") = "Unity.CollabProxy.EditorTests", "Unity.CollabProxy.EditorTests.csproj", "{A6D49456-163E-DBCD-79D7-B70A4D068F6E}"
EndProject
Project("{FAE04EC0-301F-11D3-BF4B-00C04F79EFBC}") = "Unity.RenderPipelines.Lightweight.Editor.Tests", "Unity.RenderPipelines.Lightweight.Editor.Tests.csproj", "{6F0E5877-057E-438C-3EFE-9799BF593C1A}"
EndProject
Project("{FAE04EC0-301F-11D3-BF4B-00C04F79EFBC}") = "Unity.RenderPipelines.Core.Editor.Tests", "Unity.RenderPipelines.Core.Editor.Tests.csproj", "{B585A9D7-3F0D-1D2B-B55D-58C9B9AF5C5E}"
EndProject
Global
	GlobalSection(SolutionConfigurationPlatforms) = preSolution
		Debug|Any CPU = Debug|Any CPU
		Release|Any CPU = Release|Any CPU
	EndGlobalSection
	GlobalSection(ProjectConfigurationPlatforms) = postSolution
		{5E7AF643-EDD8-197A-46F9-5067824C69F5}.Debug|Any CPU.ActiveCfg = Debug|Any CPU
		{5E7AF643-EDD8-197A-46F9-5067824C69F5}.Debug|Any CPU.Build.0 = Debug|Any CPU
		{5E7AF643-EDD8-197A-46F9-5067824C69F5}.Release|Any CPU.ActiveCfg = Release|Any CPU
		{5E7AF643-EDD8-197A-46F9-5067824C69F5}.Release|Any CPU.Build.0 = Release|Any CPU
		{E97F561D-070A-C436-261C-583BBB9F6C34}.Debug|Any CPU.ActiveCfg = Debug|Any CPU
		{E97F561D-070A-C436-261C-583BBB9F6C34}.Debug|Any CPU.Build.0 = Debug|Any CPU
		{E97F561D-070A-C436-261C-583BBB9F6C34}.Release|Any CPU.ActiveCfg = Release|Any CPU
		{E97F561D-070A-C436-261C-583BBB9F6C34}.Release|Any CPU.Build.0 = Release|Any CPU
		{327C7AEB-A0B4-3E8F-F0D8-A750822D336C}.Debug|Any CPU.ActiveCfg = Debug|Any CPU
		{327C7AEB-A0B4-3E8F-F0D8-A750822D336C}.Debug|Any CPU.Build.0 = Debug|Any CPU
		{327C7AEB-A0B4-3E8F-F0D8-A750822D336C}.Release|Any CPU.ActiveCfg = Release|Any CPU
		{327C7AEB-A0B4-3E8F-F0D8-A750822D336C}.Release|Any CPU.Build.0 = Release|Any CPU
		{E6FBAC88-280A-095C-E386-1931531348B3}.Debug|Any CPU.ActiveCfg = Debug|Any CPU
		{E6FBAC88-280A-095C-E386-1931531348B3}.Debug|Any CPU.Build.0 = Debug|Any CPU
		{E6FBAC88-280A-095C-E386-1931531348B3}.Release|Any CPU.ActiveCfg = Release|Any CPU
		{E6FBAC88-280A-095C-E386-1931531348B3}.Release|Any CPU.Build.0 = Release|Any CPU
		{D4CD027B-6512-5E3E-34CE-5A45BC219805}.Debug|Any CPU.ActiveCfg = Debug|Any CPU
		{D4CD027B-6512-5E3E-34CE-5A45BC219805}.Debug|Any CPU.Build.0 = Debug|Any CPU
		{D4CD027B-6512-5E3E-34CE-5A45BC219805}.Release|Any CPU.ActiveCfg = Release|Any CPU
		{D4CD027B-6512-5E3E-34CE-5A45BC219805}.Release|Any CPU.Build.0 = Release|Any CPU
		{38491FB2-3BBA-8270-C48E-DB345E819FB0}.Debug|Any CPU.ActiveCfg = Debug|Any CPU
		{38491FB2-3BBA-8270-C48E-DB345E819FB0}.Debug|Any CPU.Build.0 = Debug|Any CPU
		{38491FB2-3BBA-8270-C48E-DB345E819FB0}.Release|Any CPU.ActiveCfg = Release|Any CPU
		{38491FB2-3BBA-8270-C48E-DB345E819FB0}.Release|Any CPU.Build.0 = Release|Any CPU
		{5F27AB03-7FD8-F38B-14F2-D2F9EC3B7358}.Debug|Any CPU.ActiveCfg = Debug|Any CPU
		{5F27AB03-7FD8-F38B-14F2-D2F9EC3B7358}.Debug|Any CPU.Build.0 = Debug|Any CPU
		{5F27AB03-7FD8-F38B-14F2-D2F9EC3B7358}.Release|Any CPU.ActiveCfg = Release|Any CPU
		{5F27AB03-7FD8-F38B-14F2-D2F9EC3B7358}.Release|Any CPU.Build.0 = Release|Any CPU
		{83B01750-84B1-4644-1E99-88D79F6C006F}.Debug|Any CPU.ActiveCfg = Debug|Any CPU
		{83B01750-84B1-4644-1E99-88D79F6C006F}.Debug|Any CPU.Build.0 = Debug|Any CPU
		{83B01750-84B1-4644-1E99-88D79F6C006F}.Release|Any CPU.ActiveCfg = Release|Any CPU
		{83B01750-84B1-4644-1E99-88D79F6C006F}.Release|Any CPU.Build.0 = Release|Any CPU
		{4D8DF845-3265-0EA3-55C0-054B5B3F71F3}.Debug|Any CPU.ActiveCfg = Debug|Any CPU
		{4D8DF845-3265-0EA3-55C0-054B5B3F71F3}.Debug|Any CPU.Build.0 = Debug|Any CPU
		{4D8DF845-3265-0EA3-55C0-054B5B3F71F3}.Release|Any CPU.ActiveCfg = Release|Any CPU
		{4D8DF845-3265-0EA3-55C0-054B5B3F71F3}.Release|Any CPU.Build.0 = Release|Any CPU
		{CD486C68-B32C-B946-2D03-132F45ADD0EC}.Debug|Any CPU.ActiveCfg = Debug|Any CPU
		{CD486C68-B32C-B946-2D03-132F45ADD0EC}.Debug|Any CPU.Build.0 = Debug|Any CPU
		{CD486C68-B32C-B946-2D03-132F45ADD0EC}.Release|Any CPU.ActiveCfg = Release|Any CPU
		{CD486C68-B32C-B946-2D03-132F45ADD0EC}.Release|Any CPU.Build.0 = Release|Any CPU
		{8FBC460D-FACA-D36E-DDAA-999A1D719D92}.Debug|Any CPU.ActiveCfg = Debug|Any CPU
		{8FBC460D-FACA-D36E-DDAA-999A1D719D92}.Debug|Any CPU.Build.0 = Debug|Any CPU
		{8FBC460D-FACA-D36E-DDAA-999A1D719D92}.Release|Any CPU.ActiveCfg = Release|Any CPU
		{8FBC460D-FACA-D36E-DDAA-999A1D719D92}.Release|Any CPU.Build.0 = Release|Any CPU
		{013F5553-1C20-61D2-68F7-C45B5C3903D4}.Debug|Any CPU.ActiveCfg = Debug|Any CPU
		{013F5553-1C20-61D2-68F7-C45B5C3903D4}.Debug|Any CPU.Build.0 = Debug|Any CPU
		{013F5553-1C20-61D2-68F7-C45B5C3903D4}.Release|Any CPU.ActiveCfg = Release|Any CPU
		{013F5553-1C20-61D2-68F7-C45B5C3903D4}.Release|Any CPU.Build.0 = Release|Any CPU
		{20171E72-3FE3-5DD5-BFE3-A3765DFDCA55}.Debug|Any CPU.ActiveCfg = Debug|Any CPU
		{20171E72-3FE3-5DD5-BFE3-A3765DFDCA55}.Debug|Any CPU.Build.0 = Debug|Any CPU
		{20171E72-3FE3-5DD5-BFE3-A3765DFDCA55}.Release|Any CPU.ActiveCfg = Release|Any CPU
		{20171E72-3FE3-5DD5-BFE3-A3765DFDCA55}.Release|Any CPU.Build.0 = Release|Any CPU
		{DEF72814-16A8-27A2-7688-52D54B09FFC6}.Debug|Any CPU.ActiveCfg = Debug|Any CPU
		{DEF72814-16A8-27A2-7688-52D54B09FFC6}.Debug|Any CPU.Build.0 = Debug|Any CPU
		{DEF72814-16A8-27A2-7688-52D54B09FFC6}.Release|Any CPU.ActiveCfg = Release|Any CPU
		{DEF72814-16A8-27A2-7688-52D54B09FFC6}.Release|Any CPU.Build.0 = Release|Any CPU
		{8F3C26B3-5356-F486-77B6-0FC3D4E037B1}.Debug|Any CPU.ActiveCfg = Debug|Any CPU
		{8F3C26B3-5356-F486-77B6-0FC3D4E037B1}.Debug|Any CPU.Build.0 = Debug|Any CPU
		{8F3C26B3-5356-F486-77B6-0FC3D4E037B1}.Release|Any CPU.ActiveCfg = Release|Any CPU
		{8F3C26B3-5356-F486-77B6-0FC3D4E037B1}.Release|Any CPU.Build.0 = Release|Any CPU
		{7E8A74EE-6311-FADB-E51A-3F9F6C78BE0B}.Debug|Any CPU.ActiveCfg = Debug|Any CPU
		{7E8A74EE-6311-FADB-E51A-3F9F6C78BE0B}.Debug|Any CPU.Build.0 = Debug|Any CPU
		{7E8A74EE-6311-FADB-E51A-3F9F6C78BE0B}.Release|Any CPU.ActiveCfg = Release|Any CPU
		{7E8A74EE-6311-FADB-E51A-3F9F6C78BE0B}.Release|Any CPU.Build.0 = Release|Any CPU
		{F076CD6C-A406-DE60-ECEF-1FEB74956399}.Debug|Any CPU.ActiveCfg = Debug|Any CPU
		{F076CD6C-A406-DE60-ECEF-1FEB74956399}.Debug|Any CPU.Build.0 = Debug|Any CPU
		{F076CD6C-A406-DE60-ECEF-1FEB74956399}.Release|Any CPU.ActiveCfg = Release|Any CPU
		{F076CD6C-A406-DE60-ECEF-1FEB74956399}.Release|Any CPU.Build.0 = Release|Any CPU
		{8364386D-63D7-741D-E254-062017480956}.Debug|Any CPU.ActiveCfg = Debug|Any CPU
		{8364386D-63D7-741D-E254-062017480956}.Debug|Any CPU.Build.0 = Debug|Any CPU
		{8364386D-63D7-741D-E254-062017480956}.Release|Any CPU.ActiveCfg = Release|Any CPU
		{8364386D-63D7-741D-E254-062017480956}.Release|Any CPU.Build.0 = Release|Any CPU
		{958E68FE-5533-5170-1218-BA34010B14D1}.Debug|Any CPU.ActiveCfg = Debug|Any CPU
		{958E68FE-5533-5170-1218-BA34010B14D1}.Debug|Any CPU.Build.0 = Debug|Any CPU
		{958E68FE-5533-5170-1218-BA34010B14D1}.Release|Any CPU.ActiveCfg = Release|Any CPU
		{958E68FE-5533-5170-1218-BA34010B14D1}.Release|Any CPU.Build.0 = Release|Any CPU
		{BC994600-98F4-8C33-CF75-F3AAC312F463}.Debug|Any CPU.ActiveCfg = Debug|Any CPU
		{BC994600-98F4-8C33-CF75-F3AAC312F463}.Debug|Any CPU.Build.0 = Debug|Any CPU
		{BC994600-98F4-8C33-CF75-F3AAC312F463}.Release|Any CPU.ActiveCfg = Release|Any CPU
		{BC994600-98F4-8C33-CF75-F3AAC312F463}.Release|Any CPU.Build.0 = Release|Any CPU
		{A6D49456-163E-DBCD-79D7-B70A4D068F6E}.Debug|Any CPU.ActiveCfg = Debug|Any CPU
		{A6D49456-163E-DBCD-79D7-B70A4D068F6E}.Debug|Any CPU.Build.0 = Debug|Any CPU
		{A6D49456-163E-DBCD-79D7-B70A4D068F6E}.Release|Any CPU.ActiveCfg = Release|Any CPU
		{A6D49456-163E-DBCD-79D7-B70A4D068F6E}.Release|Any CPU.Build.0 = Release|Any CPU
		{6F0E5877-057E-438C-3EFE-9799BF593C1A}.Debug|Any CPU.ActiveCfg = Debug|Any CPU
		{6F0E5877-057E-438C-3EFE-9799BF593C1A}.Debug|Any CPU.Build.0 = Debug|Any CPU
		{6F0E5877-057E-438C-3EFE-9799BF593C1A}.Release|Any CPU.ActiveCfg = Release|Any CPU
		{6F0E5877-057E-438C-3EFE-9799BF593C1A}.Release|Any CPU.Build.0 = Release|Any CPU
		{B585A9D7-3F0D-1D2B-B55D-58C9B9AF5C5E}.Debug|Any CPU.ActiveCfg = Debug|Any CPU
		{B585A9D7-3F0D-1D2B-B55D-58C9B9AF5C5E}.Debug|Any CPU.Build.0 = Debug|Any CPU
		{B585A9D7-3F0D-1D2B-B55D-58C9B9AF5C5E}.Release|Any CPU.ActiveCfg = Release|Any CPU
		{B585A9D7-3F0D-1D2B-B55D-58C9B9AF5C5E}.Release|Any CPU.Build.0 = Release|Any CPU
	EndGlobalSection
	GlobalSection(SolutionProperties) = preSolution
		HideSolutionNode = FALSE
	EndGlobalSection
EndGlobal
